// !$*UTF8*$!
{
	archiveVersion = 1;
	classes = {
	};
	objectVersion = 50;
	objects = {

/* Begin PBXBuildFile section */
		263134734B003A427E7D5B27 /* Pods_GameDemoTests.framework in Frameworks */ = {isa = PBXBuildFile; fileRef = 84CB0AC1396AC3DA921DC210 /* Pods_GameDemoTests.framework */; };
		70A9B9CBBA13B2A2D78F4111 /* Pods_GameDemoUITests.framework in Frameworks */ = {isa = PBXBuildFile; fileRef = 0FCA33D4519D9356C220165E /* Pods_GameDemoUITests.framework */; };
		BF2982032223031400832123 /* success.json in Resources */ = {isa = PBXBuildFile; fileRef = BF2982022223031400832123 /* success.json */; };
		BF3A750322206A7700E5E2BD /* LevelDescriptionNode.swift in Sources */ = {isa = PBXBuildFile; fileRef = BF3A750222206A7700E5E2BD /* LevelDescriptionNode.swift */; };
		BF3A75062220703E00E5E2BD /* SquareStack.swift in Sources */ = {isa = PBXBuildFile; fileRef = BF3A75052220703E00E5E2BD /* SquareStack.swift */; };
		BF45908222189DF600FC31E1 /* CountDownLabel.swift in Sources */ = {isa = PBXBuildFile; fileRef = BF45908122189DF600FC31E1 /* CountDownLabel.swift */; };
		BF5F3FB42222ECE000794A19 /* InitialViewController.swift in Sources */ = {isa = PBXBuildFile; fileRef = BF5F3FB32222ECE000794A19 /* InitialViewController.swift */; };
		BF5F75DB220B4D25004D5F99 /* AppDelegate.swift in Sources */ = {isa = PBXBuildFile; fileRef = BF5F75DA220B4D25004D5F99 /* AppDelegate.swift */; };
		BF5F75DD220B4D25004D5F99 /* GameScene.sks in Resources */ = {isa = PBXBuildFile; fileRef = BF5F75DC220B4D25004D5F99 /* GameScene.sks */; };
		BF5F75DF220B4D25004D5F99 /* Actions.sks in Resources */ = {isa = PBXBuildFile; fileRef = BF5F75DE220B4D25004D5F99 /* Actions.sks */; };
		BF5F75E1220B4D25004D5F99 /* GameScene.swift in Sources */ = {isa = PBXBuildFile; fileRef = BF5F75E0220B4D25004D5F99 /* GameScene.swift */; };
		BF5F75E3220B4D25004D5F99 /* GameViewController.swift in Sources */ = {isa = PBXBuildFile; fileRef = BF5F75E2220B4D25004D5F99 /* GameViewController.swift */; };
		BF5F75E6220B4D25004D5F99 /* Main.storyboard in Resources */ = {isa = PBXBuildFile; fileRef = BF5F75E4220B4D25004D5F99 /* Main.storyboard */; };
		BF5F75E8220B4D26004D5F99 /* Assets.xcassets in Resources */ = {isa = PBXBuildFile; fileRef = BF5F75E7220B4D26004D5F99 /* Assets.xcassets */; };
		BF5F75EB220B4D26004D5F99 /* LaunchScreen.storyboard in Resources */ = {isa = PBXBuildFile; fileRef = BF5F75E9220B4D26004D5F99 /* LaunchScreen.storyboard */; };
		BF5F75F6220B4D26004D5F99 /* GameDemoTests.swift in Sources */ = {isa = PBXBuildFile; fileRef = BF5F75F5220B4D26004D5F99 /* GameDemoTests.swift */; };
		BF5F7601220B4D26004D5F99 /* GameDemoUITests.swift in Sources */ = {isa = PBXBuildFile; fileRef = BF5F7600220B4D26004D5F99 /* GameDemoUITests.swift */; };
		BFC03FDE22135FAB00E660A9 /* tada.wav in Resources */ = {isa = PBXBuildFile; fileRef = BFC03FDB22135FAB00E660A9 /* tada.wav */; };
		BFC03FDF22135FAB00E660A9 /* sound_wrong.wav in Resources */ = {isa = PBXBuildFile; fileRef = BFC03FDC22135FAB00E660A9 /* sound_wrong.wav */; };
		BFC8CE54220DEC3400A6A701 /* SquareDrawer.swift in Sources */ = {isa = PBXBuildFile; fileRef = BFC8CE53220DEC3400A6A701 /* SquareDrawer.swift */; };
		BFCD74A4220C9426006C3E79 /* Square.swift in Sources */ = {isa = PBXBuildFile; fileRef = BFCD74A3220C9426006C3E79 /* Square.swift */; };
		BFCD74A6220C955F006C3E79 /* NodeUtils.swift in Sources */ = {isa = PBXBuildFile; fileRef = BFCD74A5220C955F006C3E79 /* NodeUtils.swift */; };
		BFCD74AE220C9764006C3E79 /* Colors.swift in Sources */ = {isa = PBXBuildFile; fileRef = BFCD74AD220C9764006C3E79 /* Colors.swift */; };
		BFCD74B1220C980D006C3E79 /* SKProtocols.swift in Sources */ = {isa = PBXBuildFile; fileRef = BFCD74B0220C980D006C3E79 /* SKProtocols.swift */; };
		BFCD74B3220C98FC006C3E79 /* Board.swift in Sources */ = {isa = PBXBuildFile; fileRef = BFCD74B2220C98FC006C3E79 /* Board.swift */; };
		BFCD74B5220C9A9A006C3E79 /* MockUtils.swift in Sources */ = {isa = PBXBuildFile; fileRef = BFCD74B4220C9A9A006C3E79 /* MockUtils.swift */; };
		BFCD74B7220C9B09006C3E79 /* Errors.swift in Sources */ = {isa = PBXBuildFile; fileRef = BFCD74B6220C9B09006C3E79 /* Errors.swift */; };
		BFCD74B9220C9DBA006C3E79 /* SquareBoard.swift in Sources */ = {isa = PBXBuildFile; fileRef = BFCD74B8220C9DBA006C3E79 /* SquareBoard.swift */; };
		BFCDE06722196C5000A9484B /* ContentCreator.swift in Sources */ = {isa = PBXBuildFile; fileRef = BFCDE06622196C5000A9484B /* ContentCreator.swift */; };
		BFCEBA1B221DCBEC008DA380 /* success.mp3 in Resources */ = {isa = PBXBuildFile; fileRef = BFCEBA1A221DCBEC008DA380 /* success.mp3 */; };
		BFD154842215CE10007FC209 /* shot.wav in Resources */ = {isa = PBXBuildFile; fileRef = BFD154832215CE10007FC209 /* shot.wav */; };
		BFD154862215CE1C007FC209 /* tick.mp3 in Resources */ = {isa = PBXBuildFile; fileRef = BFD154852215CE1C007FC209 /* tick.mp3 */; };
		BFD154882215CE31007FC209 /* ping.mp3 in Resources */ = {isa = PBXBuildFile; fileRef = BFD154872215CE31007FC209 /* ping.mp3 */; };
		BFEA614A22272A95001E2876 /* Shape.swift in Sources */ = {isa = PBXBuildFile; fileRef = BFEA614922272A95001E2876 /* Shape.swift */; };
		BFEA614C22272B14001E2876 /* Value.swift in Sources */ = {isa = PBXBuildFile; fileRef = BFEA614B22272B14001E2876 /* Value.swift */; };
		BFECA47222295ED500332980 /* fail.json in Resources */ = {isa = PBXBuildFile; fileRef = BFECA47122295ED500332980 /* fail.json */; };
		BFECA474222962F300332980 /* EndingViewController.swift in Sources */ = {isa = PBXBuildFile; fileRef = BFECA473222962F300332980 /* EndingViewController.swift */; };
		BFECA476222978AA00332980 /* sad_face.json in Resources */ = {isa = PBXBuildFile; fileRef = BFECA475222978A900332980 /* sad_face.json */; };
		FF9E481D8A80C6736BEC8AE0 /* Pods_GameDemo.framework in Frameworks */ = {isa = PBXBuildFile; fileRef = 934D58175ACC6339092C8BDA /* Pods_GameDemo.framework */; };
/* End PBXBuildFile section */

/* Begin PBXContainerItemProxy section */
		BF5F75F2220B4D26004D5F99 /* PBXContainerItemProxy */ = {
			isa = PBXContainerItemProxy;
			containerPortal = BF5F75CF220B4D25004D5F99 /* Project object */;
			proxyType = 1;
			remoteGlobalIDString = BF5F75D6220B4D25004D5F99;
			remoteInfo = GameDemo;
		};
		BF5F75FD220B4D26004D5F99 /* PBXContainerItemProxy */ = {
			isa = PBXContainerItemProxy;
			containerPortal = BF5F75CF220B4D25004D5F99 /* Project object */;
			proxyType = 1;
			remoteGlobalIDString = BF5F75D6220B4D25004D5F99;
			remoteInfo = GameDemo;
		};
/* End PBXContainerItemProxy section */

/* Begin PBXFileReference section */
		0FCA33D4519D9356C220165E /* Pods_GameDemoUITests.framework */ = {isa = PBXFileReference; explicitFileType = wrapper.framework; includeInIndex = 0; path = Pods_GameDemoUITests.framework; sourceTree = BUILT_PRODUCTS_DIR; };
		1354C0EDEE375A98DD8D038C /* Pods-GameDemo.release.xcconfig */ = {isa = PBXFileReference; includeInIndex = 1; lastKnownFileType = text.xcconfig; name = "Pods-GameDemo.release.xcconfig"; path = "Pods/Target Support Files/Pods-GameDemo/Pods-GameDemo.release.xcconfig"; sourceTree = "<group>"; };
		15AC5A44FA6CB512BB753595 /* Pods-GameDemo.debug.xcconfig */ = {isa = PBXFileReference; includeInIndex = 1; lastKnownFileType = text.xcconfig; name = "Pods-GameDemo.debug.xcconfig"; path = "Pods/Target Support Files/Pods-GameDemo/Pods-GameDemo.debug.xcconfig"; sourceTree = "<group>"; };
		39050EE883CF20E6BC356F6C /* Pods-GameDemoUITests.debug.xcconfig */ = {isa = PBXFileReference; includeInIndex = 1; lastKnownFileType = text.xcconfig; name = "Pods-GameDemoUITests.debug.xcconfig"; path = "Pods/Target Support Files/Pods-GameDemoUITests/Pods-GameDemoUITests.debug.xcconfig"; sourceTree = "<group>"; };
		559C2CE56E6774CB17F39F3B /* Pods-GameDemoUITests.release.xcconfig */ = {isa = PBXFileReference; includeInIndex = 1; lastKnownFileType = text.xcconfig; name = "Pods-GameDemoUITests.release.xcconfig"; path = "Pods/Target Support Files/Pods-GameDemoUITests/Pods-GameDemoUITests.release.xcconfig"; sourceTree = "<group>"; };
		79F81B0550319999137A6DE2 /* Pods-GameDemoTests.release.xcconfig */ = {isa = PBXFileReference; includeInIndex = 1; lastKnownFileType = text.xcconfig; name = "Pods-GameDemoTests.release.xcconfig"; path = "Pods/Target Support Files/Pods-GameDemoTests/Pods-GameDemoTests.release.xcconfig"; sourceTree = "<group>"; };
		84CB0AC1396AC3DA921DC210 /* Pods_GameDemoTests.framework */ = {isa = PBXFileReference; explicitFileType = wrapper.framework; includeInIndex = 0; path = Pods_GameDemoTests.framework; sourceTree = BUILT_PRODUCTS_DIR; };
		934D58175ACC6339092C8BDA /* Pods_GameDemo.framework */ = {isa = PBXFileReference; explicitFileType = wrapper.framework; includeInIndex = 0; path = Pods_GameDemo.framework; sourceTree = BUILT_PRODUCTS_DIR; };
		BF2982022223031400832123 /* success.json */ = {isa = PBXFileReference; fileEncoding = 4; lastKnownFileType = text.json; path = success.json; sourceTree = "<group>"; };
		BF3A750222206A7700E5E2BD /* LevelDescriptionNode.swift */ = {isa = PBXFileReference; lastKnownFileType = sourcecode.swift; path = LevelDescriptionNode.swift; sourceTree = "<group>"; };
		BF3A75052220703E00E5E2BD /* SquareStack.swift */ = {isa = PBXFileReference; lastKnownFileType = sourcecode.swift; path = SquareStack.swift; sourceTree = "<group>"; };
		BF45908122189DF600FC31E1 /* CountDownLabel.swift */ = {isa = PBXFileReference; lastKnownFileType = sourcecode.swift; path = CountDownLabel.swift; sourceTree = "<group>"; };
		BF5F3FB32222ECE000794A19 /* InitialViewController.swift */ = {isa = PBXFileReference; lastKnownFileType = sourcecode.swift; path = InitialViewController.swift; sourceTree = "<group>"; };
		BF5F75D7220B4D25004D5F99 /* GameDemo.app */ = {isa = PBXFileReference; explicitFileType = wrapper.application; includeInIndex = 0; path = GameDemo.app; sourceTree = BUILT_PRODUCTS_DIR; };
		BF5F75DA220B4D25004D5F99 /* AppDelegate.swift */ = {isa = PBXFileReference; lastKnownFileType = sourcecode.swift; path = AppDelegate.swift; sourceTree = "<group>"; };
		BF5F75DC220B4D25004D5F99 /* GameScene.sks */ = {isa = PBXFileReference; lastKnownFileType = file.sks; path = GameScene.sks; sourceTree = "<group>"; };
		BF5F75DE220B4D25004D5F99 /* Actions.sks */ = {isa = PBXFileReference; lastKnownFileType = file.sks; path = Actions.sks; sourceTree = "<group>"; };
		BF5F75E0220B4D25004D5F99 /* GameScene.swift */ = {isa = PBXFileReference; lastKnownFileType = sourcecode.swift; path = GameScene.swift; sourceTree = "<group>"; };
		BF5F75E2220B4D25004D5F99 /* GameViewController.swift */ = {isa = PBXFileReference; lastKnownFileType = sourcecode.swift; path = GameViewController.swift; sourceTree = "<group>"; };
		BF5F75E5220B4D25004D5F99 /* Base */ = {isa = PBXFileReference; lastKnownFileType = file.storyboard; name = Base; path = Base.lproj/Main.storyboard; sourceTree = "<group>"; };
		BF5F75E7220B4D26004D5F99 /* Assets.xcassets */ = {isa = PBXFileReference; lastKnownFileType = folder.assetcatalog; path = Assets.xcassets; sourceTree = "<group>"; };
		BF5F75EA220B4D26004D5F99 /* Base */ = {isa = PBXFileReference; lastKnownFileType = file.storyboard; name = Base; path = Base.lproj/LaunchScreen.storyboard; sourceTree = "<group>"; };
		BF5F75EC220B4D26004D5F99 /* Info.plist */ = {isa = PBXFileReference; lastKnownFileType = text.plist.xml; path = Info.plist; sourceTree = "<group>"; };
		BF5F75F1220B4D26004D5F99 /* GameDemoTests.xctest */ = {isa = PBXFileReference; explicitFileType = wrapper.cfbundle; includeInIndex = 0; path = GameDemoTests.xctest; sourceTree = BUILT_PRODUCTS_DIR; };
		BF5F75F5220B4D26004D5F99 /* GameDemoTests.swift */ = {isa = PBXFileReference; lastKnownFileType = sourcecode.swift; path = GameDemoTests.swift; sourceTree = "<group>"; };
		BF5F75F7220B4D26004D5F99 /* Info.plist */ = {isa = PBXFileReference; lastKnownFileType = text.plist.xml; path = Info.plist; sourceTree = "<group>"; };
		BF5F75FC220B4D26004D5F99 /* GameDemoUITests.xctest */ = {isa = PBXFileReference; explicitFileType = wrapper.cfbundle; includeInIndex = 0; path = GameDemoUITests.xctest; sourceTree = BUILT_PRODUCTS_DIR; };
		BF5F7600220B4D26004D5F99 /* GameDemoUITests.swift */ = {isa = PBXFileReference; lastKnownFileType = sourcecode.swift; path = GameDemoUITests.swift; sourceTree = "<group>"; };
		BF5F7602220B4D26004D5F99 /* Info.plist */ = {isa = PBXFileReference; lastKnownFileType = text.plist.xml; path = Info.plist; sourceTree = "<group>"; };
		BFC03FDB22135FAB00E660A9 /* tada.wav */ = {isa = PBXFileReference; lastKnownFileType = audio.wav; path = tada.wav; sourceTree = "<group>"; };
		BFC03FDC22135FAB00E660A9 /* sound_wrong.wav */ = {isa = PBXFileReference; lastKnownFileType = audio.wav; path = sound_wrong.wav; sourceTree = "<group>"; };
		BFC8CE53220DEC3400A6A701 /* SquareDrawer.swift */ = {isa = PBXFileReference; lastKnownFileType = sourcecode.swift; path = SquareDrawer.swift; sourceTree = "<group>"; };
		BFCD74A3220C9426006C3E79 /* Square.swift */ = {isa = PBXFileReference; lastKnownFileType = sourcecode.swift; path = Square.swift; sourceTree = "<group>"; };
		BFCD74A5220C955F006C3E79 /* NodeUtils.swift */ = {isa = PBXFileReference; lastKnownFileType = sourcecode.swift; path = NodeUtils.swift; sourceTree = "<group>"; };
		BFCD74AD220C9764006C3E79 /* Colors.swift */ = {isa = PBXFileReference; lastKnownFileType = sourcecode.swift; path = Colors.swift; sourceTree = "<group>"; };
		BFCD74B0220C980D006C3E79 /* SKProtocols.swift */ = {isa = PBXFileReference; lastKnownFileType = sourcecode.swift; path = SKProtocols.swift; sourceTree = "<group>"; };
		BFCD74B2220C98FC006C3E79 /* Board.swift */ = {isa = PBXFileReference; lastKnownFileType = sourcecode.swift; path = Board.swift; sourceTree = "<group>"; };
		BFCD74B4220C9A9A006C3E79 /* MockUtils.swift */ = {isa = PBXFileReference; lastKnownFileType = sourcecode.swift; path = MockUtils.swift; sourceTree = "<group>"; };
		BFCD74B6220C9B09006C3E79 /* Errors.swift */ = {isa = PBXFileReference; lastKnownFileType = sourcecode.swift; path = Errors.swift; sourceTree = "<group>"; };
		BFCD74B8220C9DBA006C3E79 /* SquareBoard.swift */ = {isa = PBXFileReference; lastKnownFileType = sourcecode.swift; path = SquareBoard.swift; sourceTree = "<group>"; };
		BFCDE06622196C5000A9484B /* ContentCreator.swift */ = {isa = PBXFileReference; lastKnownFileType = sourcecode.swift; path = ContentCreator.swift; sourceTree = "<group>"; };
		BFCEBA1A221DCBEC008DA380 /* success.mp3 */ = {isa = PBXFileReference; lastKnownFileType = audio.mp3; name = success.mp3; path = ../../../../../../../Downloads/success.mp3; sourceTree = "<group>"; };
		BFD154832215CE10007FC209 /* shot.wav */ = {isa = PBXFileReference; lastKnownFileType = audio.wav; path = shot.wav; sourceTree = "<group>"; };
		BFD154852215CE1C007FC209 /* tick.mp3 */ = {isa = PBXFileReference; lastKnownFileType = audio.mp3; path = tick.mp3; sourceTree = "<group>"; };
		BFD154872215CE31007FC209 /* ping.mp3 */ = {isa = PBXFileReference; lastKnownFileType = audio.mp3; path = ping.mp3; sourceTree = "<group>"; };
		BFEA614922272A95001E2876 /* Shape.swift */ = {isa = PBXFileReference; lastKnownFileType = sourcecode.swift; path = Shape.swift; sourceTree = "<group>"; };
		BFEA614B22272B14001E2876 /* Value.swift */ = {isa = PBXFileReference; lastKnownFileType = sourcecode.swift; path = Value.swift; sourceTree = "<group>"; };
		BFECA47122295ED500332980 /* fail.json */ = {isa = PBXFileReference; fileEncoding = 4; lastKnownFileType = text.json; path = fail.json; sourceTree = "<group>"; };
		BFECA473222962F300332980 /* EndingViewController.swift */ = {isa = PBXFileReference; lastKnownFileType = sourcecode.swift; path = EndingViewController.swift; sourceTree = "<group>"; };
		BFECA475222978A900332980 /* sad_face.json */ = {isa = PBXFileReference; fileEncoding = 4; lastKnownFileType = text.json; path = sad_face.json; sourceTree = "<group>"; };
		DE133F9C6B937AC30FB82741 /* Pods-GameDemoTests.debug.xcconfig */ = {isa = PBXFileReference; includeInIndex = 1; lastKnownFileType = text.xcconfig; name = "Pods-GameDemoTests.debug.xcconfig"; path = "Pods/Target Support Files/Pods-GameDemoTests/Pods-GameDemoTests.debug.xcconfig"; sourceTree = "<group>"; };
/* End PBXFileReference section */

/* Begin PBXFrameworksBuildPhase section */
		BF5F75D4220B4D25004D5F99 /* Frameworks */ = {
			isa = PBXFrameworksBuildPhase;
			buildActionMask = 2147483647;
			files = (
				FF9E481D8A80C6736BEC8AE0 /* Pods_GameDemo.framework in Frameworks */,
			);
			runOnlyForDeploymentPostprocessing = 0;
		};
		BF5F75EE220B4D26004D5F99 /* Frameworks */ = {
			isa = PBXFrameworksBuildPhase;
			buildActionMask = 2147483647;
			files = (
				263134734B003A427E7D5B27 /* Pods_GameDemoTests.framework in Frameworks */,
			);
			runOnlyForDeploymentPostprocessing = 0;
		};
		BF5F75F9220B4D26004D5F99 /* Frameworks */ = {
			isa = PBXFrameworksBuildPhase;
			buildActionMask = 2147483647;
			files = (
				70A9B9CBBA13B2A2D78F4111 /* Pods_GameDemoUITests.framework in Frameworks */,
			);
			runOnlyForDeploymentPostprocessing = 0;
		};
/* End PBXFrameworksBuildPhase section */

/* Begin PBXGroup section */
		B7D0EC30167A7B40CB252A6E /* Pods */ = {
			isa = PBXGroup;
			children = (
				15AC5A44FA6CB512BB753595 /* Pods-GameDemo.debug.xcconfig */,
				1354C0EDEE375A98DD8D038C /* Pods-GameDemo.release.xcconfig */,
				DE133F9C6B937AC30FB82741 /* Pods-GameDemoTests.debug.xcconfig */,
				79F81B0550319999137A6DE2 /* Pods-GameDemoTests.release.xcconfig */,
				39050EE883CF20E6BC356F6C /* Pods-GameDemoUITests.debug.xcconfig */,
				559C2CE56E6774CB17F39F3B /* Pods-GameDemoUITests.release.xcconfig */,
			);
			name = Pods;
			sourceTree = "<group>";
		};
		BF2982012223030B00832123 /* Lottie */ = {
			isa = PBXGroup;
			children = (
				BFECA475222978A900332980 /* sad_face.json */,
				BFECA47122295ED500332980 /* fail.json */,
				BF2982022223031400832123 /* success.json */,
			);
			path = Lottie;
			sourceTree = "<group>";
		};
		BF3A75042220702500E5E2BD /* Model */ = {
			isa = PBXGroup;
			children = (
				BFCD74B2220C98FC006C3E79 /* Board.swift */,
				BFCD74B8220C9DBA006C3E79 /* SquareBoard.swift */,
				BF3A75052220703E00E5E2BD /* SquareStack.swift */,
			);
			path = Model;
			sourceTree = "<group>";
		};
		BF5F75CE220B4D25004D5F99 = {
			isa = PBXGroup;
			children = (
				BF5F75D9220B4D25004D5F99 /* GameDemo */,
				BF5F75F4220B4D26004D5F99 /* GameDemoTests */,
				BF5F75FF220B4D26004D5F99 /* GameDemoUITests */,
				BF5F75D8220B4D25004D5F99 /* Products */,
				B7D0EC30167A7B40CB252A6E /* Pods */,
				E203EE6B41D8C03130AE6A7D /* Frameworks */,
			);
			sourceTree = "<group>";
		};
		BF5F75D8220B4D25004D5F99 /* Products */ = {
			isa = PBXGroup;
			children = (
				BF5F75D7220B4D25004D5F99 /* GameDemo.app */,
				BF5F75F1220B4D26004D5F99 /* GameDemoTests.xctest */,
				BF5F75FC220B4D26004D5F99 /* GameDemoUITests.xctest */,
			);
			name = Products;
			sourceTree = "<group>";
		};
		BF5F75D9220B4D25004D5F99 /* GameDemo */ = {
			isa = PBXGroup;
			children = (
				BF3A75042220702500E5E2BD /* Model */,
				BF5F75DA220B4D25004D5F99 /* AppDelegate.swift */,
				BF5F75EC220B4D26004D5F99 /* Info.plist */,
				BFCD74AF220C97F2006C3E79 /* Protocols */,
				BFCD74AC220C9688006C3E79 /* Utils */,
				BFCD74AB220C9676006C3E79 /* Assets */,
				BFCD74AA220C9668006C3E79 /* Sks */,
				BFCD74A9220C9647006C3E79 /* Controllers */,
				BFCD74A8220C963A006C3E79 /* Scenes */,
				BFCD74A7220C9630006C3E79 /* Nodes */,
			);
			path = GameDemo;
			sourceTree = "<group>";
		};
		BF5F75F4220B4D26004D5F99 /* GameDemoTests */ = {
			isa = PBXGroup;
			children = (
				BF5F75F5220B4D26004D5F99 /* GameDemoTests.swift */,
				BF5F75F7220B4D26004D5F99 /* Info.plist */,
			);
			path = GameDemoTests;
			sourceTree = "<group>";
		};
		BF5F75FF220B4D26004D5F99 /* GameDemoUITests */ = {
			isa = PBXGroup;
			children = (
				BF5F7600220B4D26004D5F99 /* GameDemoUITests.swift */,
				BF5F7602220B4D26004D5F99 /* Info.plist */,
			);
			path = GameDemoUITests;
			sourceTree = "<group>";
		};
		BFC03FD922135FA000E660A9 /* Sounds */ = {
			isa = PBXGroup;
			children = (
				BFCEBA1A221DCBEC008DA380 /* success.mp3 */,
				BFD154872215CE31007FC209 /* ping.mp3 */,
				BFD154852215CE1C007FC209 /* tick.mp3 */,
				BFD154832215CE10007FC209 /* shot.wav */,
				BFC03FDB22135FAB00E660A9 /* tada.wav */,
				BFC03FDC22135FAB00E660A9 /* sound_wrong.wav */,
			);
			path = Sounds;
			sourceTree = "<group>";
		};
		BFCD74A7220C9630006C3E79 /* Nodes */ = {
			isa = PBXGroup;
			children = (
				BFCD74A3220C9426006C3E79 /* Square.swift */,
				BF45908122189DF600FC31E1 /* CountDownLabel.swift */,
				BF3A750222206A7700E5E2BD /* LevelDescriptionNode.swift */,
				BFEA614922272A95001E2876 /* Shape.swift */,
				BFEA614B22272B14001E2876 /* Value.swift */,
			);
			path = Nodes;
			sourceTree = "<group>";
		};
		BFCD74A8220C963A006C3E79 /* Scenes */ = {
			isa = PBXGroup;
			children = (
				BF5F75E0220B4D25004D5F99 /* GameScene.swift */,
			);
			path = Scenes;
			sourceTree = "<group>";
		};
		BFCD74A9220C9647006C3E79 /* Controllers */ = {
			isa = PBXGroup;
			children = (
				BF5F75E2220B4D25004D5F99 /* GameViewController.swift */,
				BF5F3FB32222ECE000794A19 /* InitialViewController.swift */,
				BFECA473222962F300332980 /* EndingViewController.swift */,
			);
			path = Controllers;
			sourceTree = "<group>";
		};
		BFCD74AA220C9668006C3E79 /* Sks */ = {
			isa = PBXGroup;
			children = (
				BF5F75DC220B4D25004D5F99 /* GameScene.sks */,
				BF5F75DE220B4D25004D5F99 /* Actions.sks */,
			);
			path = Sks;
			sourceTree = "<group>";
		};
		BFCD74AB220C9676006C3E79 /* Assets */ = {
			isa = PBXGroup;
			children = (
				BF2982012223030B00832123 /* Lottie */,
				BFC03FD922135FA000E660A9 /* Sounds */,
				BF5F75E4220B4D25004D5F99 /* Main.storyboard */,
				BF5F75E9220B4D26004D5F99 /* LaunchScreen.storyboard */,
				BF5F75E7220B4D26004D5F99 /* Assets.xcassets */,
			);
			path = Assets;
			sourceTree = "<group>";
		};
		BFCD74AC220C9688006C3E79 /* Utils */ = {
			isa = PBXGroup;
			children = (
				BFCD74A5220C955F006C3E79 /* NodeUtils.swift */,
				BFCD74AD220C9764006C3E79 /* Colors.swift */,
				BFCD74B4220C9A9A006C3E79 /* MockUtils.swift */,
				BFCD74B6220C9B09006C3E79 /* Errors.swift */,
				BFCDE06622196C5000A9484B /* ContentCreator.swift */,
				BFC8CE53220DEC3400A6A701 /* SquareDrawer.swift */,
			);
			path = Utils;
			sourceTree = "<group>";
		};
		BFCD74AF220C97F2006C3E79 /* Protocols */ = {
			isa = PBXGroup;
			children = (
				BFCD74B0220C980D006C3E79 /* SKProtocols.swift */,
			);
			path = Protocols;
			sourceTree = "<group>";
		};
		E203EE6B41D8C03130AE6A7D /* Frameworks */ = {
			isa = PBXGroup;
			children = (
				934D58175ACC6339092C8BDA /* Pods_GameDemo.framework */,
				84CB0AC1396AC3DA921DC210 /* Pods_GameDemoTests.framework */,
				0FCA33D4519D9356C220165E /* Pods_GameDemoUITests.framework */,
			);
			name = Frameworks;
			sourceTree = "<group>";
		};
/* End PBXGroup section */

/* Begin PBXNativeTarget section */
		BF5F75D6220B4D25004D5F99 /* GameDemo */ = {
			isa = PBXNativeTarget;
			buildConfigurationList = BF5F7605220B4D26004D5F99 /* Build configuration list for PBXNativeTarget "GameDemo" */;
			buildPhases = (
				0DCA78CFA8C50557985C679B /* [CP] Check Pods Manifest.lock */,
				BF5F75D3220B4D25004D5F99 /* Sources */,
				BF5F75D4220B4D25004D5F99 /* Frameworks */,
				BF5F75D5220B4D25004D5F99 /* Resources */,
				C358C65A795F9B6CB07C9BC3 /* [CP] Embed Pods Frameworks */,
			);
			buildRules = (
			);
			dependencies = (
			);
			name = GameDemo;
			productName = GameDemo;
			productReference = BF5F75D7220B4D25004D5F99 /* GameDemo.app */;
			productType = "com.apple.product-type.application";
		};
		BF5F75F0220B4D26004D5F99 /* GameDemoTests */ = {
			isa = PBXNativeTarget;
			buildConfigurationList = BF5F7608220B4D26004D5F99 /* Build configuration list for PBXNativeTarget "GameDemoTests" */;
			buildPhases = (
				BA21E27035758A2EF59A685D /* [CP] Check Pods Manifest.lock */,
				BF5F75ED220B4D26004D5F99 /* Sources */,
				BF5F75EE220B4D26004D5F99 /* Frameworks */,
				BF5F75EF220B4D26004D5F99 /* Resources */,
			);
			buildRules = (
			);
			dependencies = (
				BF5F75F3220B4D26004D5F99 /* PBXTargetDependency */,
			);
			name = GameDemoTests;
			productName = GameDemoTests;
			productReference = BF5F75F1220B4D26004D5F99 /* GameDemoTests.xctest */;
			productType = "com.apple.product-type.bundle.unit-test";
		};
		BF5F75FB220B4D26004D5F99 /* GameDemoUITests */ = {
			isa = PBXNativeTarget;
			buildConfigurationList = BF5F760B220B4D26004D5F99 /* Build configuration list for PBXNativeTarget "GameDemoUITests" */;
			buildPhases = (
				38C58641A3E4C95AC7461636 /* [CP] Check Pods Manifest.lock */,
				BF5F75F8220B4D26004D5F99 /* Sources */,
				BF5F75F9220B4D26004D5F99 /* Frameworks */,
				BF5F75FA220B4D26004D5F99 /* Resources */,
			);
			buildRules = (
			);
			dependencies = (
				BF5F75FE220B4D26004D5F99 /* PBXTargetDependency */,
			);
			name = GameDemoUITests;
			productName = GameDemoUITests;
			productReference = BF5F75FC220B4D26004D5F99 /* GameDemoUITests.xctest */;
			productType = "com.apple.product-type.bundle.ui-testing";
		};
/* End PBXNativeTarget section */

/* Begin PBXProject section */
		BF5F75CF220B4D25004D5F99 /* Project object */ = {
			isa = PBXProject;
			attributes = {
				LastSwiftUpdateCheck = 1010;
				LastUpgradeCheck = 1010;
				ORGANIZATIONNAME = "Oguz Parlak";
				TargetAttributes = {
					BF5F75D6220B4D25004D5F99 = {
						CreatedOnToolsVersion = 10.1;
					};
					BF5F75F0220B4D26004D5F99 = {
						CreatedOnToolsVersion = 10.1;
						TestTargetID = BF5F75D6220B4D25004D5F99;
					};
					BF5F75FB220B4D26004D5F99 = {
						CreatedOnToolsVersion = 10.1;
						TestTargetID = BF5F75D6220B4D25004D5F99;
					};
				};
			};
			buildConfigurationList = BF5F75D2220B4D25004D5F99 /* Build configuration list for PBXProject "GameDemo" */;
			compatibilityVersion = "Xcode 9.3";
			developmentRegion = en;
			hasScannedForEncodings = 0;
			knownRegions = (
				en,
				Base,
			);
			mainGroup = BF5F75CE220B4D25004D5F99;
			productRefGroup = BF5F75D8220B4D25004D5F99 /* Products */;
			projectDirPath = "";
			projectRoot = "";
			targets = (
				BF5F75D6220B4D25004D5F99 /* GameDemo */,
				BF5F75F0220B4D26004D5F99 /* GameDemoTests */,
				BF5F75FB220B4D26004D5F99 /* GameDemoUITests */,
			);
		};
/* End PBXProject section */

/* Begin PBXResourcesBuildPhase section */
		BF5F75D5220B4D25004D5F99 /* Resources */ = {
			isa = PBXResourcesBuildPhase;
			buildActionMask = 2147483647;
			files = (
				BFC03FDF22135FAB00E660A9 /* sound_wrong.wav in Resources */,
				BF5F75E6220B4D25004D5F99 /* Main.storyboard in Resources */,
				BFC03FDE22135FAB00E660A9 /* tada.wav in Resources */,
				BFECA476222978AA00332980 /* sad_face.json in Resources */,
				BF5F75DD220B4D25004D5F99 /* GameScene.sks in Resources */,
				BF5F75E8220B4D26004D5F99 /* Assets.xcassets in Resources */,
				BF2982032223031400832123 /* success.json in Resources */,
				BFECA47222295ED500332980 /* fail.json in Resources */,
				BFD154842215CE10007FC209 /* shot.wav in Resources */,
				BFD154862215CE1C007FC209 /* tick.mp3 in Resources */,
				BF5F75EB220B4D26004D5F99 /* LaunchScreen.storyboard in Resources */,
				BF5F75DF220B4D25004D5F99 /* Actions.sks in Resources */,
				BFCEBA1B221DCBEC008DA380 /* success.mp3 in Resources */,
				BFD154882215CE31007FC209 /* ping.mp3 in Resources */,
			);
			runOnlyForDeploymentPostprocessing = 0;
		};
		BF5F75EF220B4D26004D5F99 /* Resources */ = {
			isa = PBXResourcesBuildPhase;
			buildActionMask = 2147483647;
			files = (
			);
			runOnlyForDeploymentPostprocessing = 0;
		};
		BF5F75FA220B4D26004D5F99 /* Resources */ = {
			isa = PBXResourcesBuildPhase;
			buildActionMask = 2147483647;
			files = (
			);
			runOnlyForDeploymentPostprocessing = 0;
		};
/* End PBXResourcesBuildPhase section */

/* Begin PBXShellScriptBuildPhase section */
		0DCA78CFA8C50557985C679B /* [CP] Check Pods Manifest.lock */ = {
			isa = PBXShellScriptBuildPhase;
			buildActionMask = 2147483647;
			files = (
			);
			inputFileListPaths = (
			);
			inputPaths = (
				"${PODS_PODFILE_DIR_PATH}/Podfile.lock",
				"${PODS_ROOT}/Manifest.lock",
			);
			name = "[CP] Check Pods Manifest.lock";
			outputFileListPaths = (
			);
			outputPaths = (
				"$(DERIVED_FILE_DIR)/Pods-GameDemo-checkManifestLockResult.txt",
			);
			runOnlyForDeploymentPostprocessing = 0;
			shellPath = /bin/sh;
			shellScript = "diff \"${PODS_PODFILE_DIR_PATH}/Podfile.lock\" \"${PODS_ROOT}/Manifest.lock\" > /dev/null\nif [ $? != 0 ] ; then\n    # print error to STDERR\n    echo \"error: The sandbox is not in sync with the Podfile.lock. Run 'pod install' or update your CocoaPods installation.\" >&2\n    exit 1\nfi\n# This output is used by Xcode 'outputs' to avoid re-running this script phase.\necho \"SUCCESS\" > \"${SCRIPT_OUTPUT_FILE_0}\"\n";
			showEnvVarsInLog = 0;
		};
		38C58641A3E4C95AC7461636 /* [CP] Check Pods Manifest.lock */ = {
			isa = PBXShellScriptBuildPhase;
			buildActionMask = 2147483647;
			files = (
			);
			inputFileListPaths = (
			);
			inputPaths = (
				"${PODS_PODFILE_DIR_PATH}/Podfile.lock",
				"${PODS_ROOT}/Manifest.lock",
			);
			name = "[CP] Check Pods Manifest.lock";
			outputFileListPaths = (
			);
			outputPaths = (
				"$(DERIVED_FILE_DIR)/Pods-GameDemoUITests-checkManifestLockResult.txt",
			);
			runOnlyForDeploymentPostprocessing = 0;
			shellPath = /bin/sh;
			shellScript = "diff \"${PODS_PODFILE_DIR_PATH}/Podfile.lock\" \"${PODS_ROOT}/Manifest.lock\" > /dev/null\nif [ $? != 0 ] ; then\n    # print error to STDERR\n    echo \"error: The sandbox is not in sync with the Podfile.lock. Run 'pod install' or update your CocoaPods installation.\" >&2\n    exit 1\nfi\n# This output is used by Xcode 'outputs' to avoid re-running this script phase.\necho \"SUCCESS\" > \"${SCRIPT_OUTPUT_FILE_0}\"\n";
			showEnvVarsInLog = 0;
		};
		BA21E27035758A2EF59A685D /* [CP] Check Pods Manifest.lock */ = {
			isa = PBXShellScriptBuildPhase;
			buildActionMask = 2147483647;
			files = (
			);
			inputFileListPaths = (
			);
			inputPaths = (
				"${PODS_PODFILE_DIR_PATH}/Podfile.lock",
				"${PODS_ROOT}/Manifest.lock",
			);
			name = "[CP] Check Pods Manifest.lock";
			outputFileListPaths = (
			);
			outputPaths = (
				"$(DERIVED_FILE_DIR)/Pods-GameDemoTests-checkManifestLockResult.txt",
			);
			runOnlyForDeploymentPostprocessing = 0;
			shellPath = /bin/sh;
			shellScript = "diff \"${PODS_PODFILE_DIR_PATH}/Podfile.lock\" \"${PODS_ROOT}/Manifest.lock\" > /dev/null\nif [ $? != 0 ] ; then\n    # print error to STDERR\n    echo \"error: The sandbox is not in sync with the Podfile.lock. Run 'pod install' or update your CocoaPods installation.\" >&2\n    exit 1\nfi\n# This output is used by Xcode 'outputs' to avoid re-running this script phase.\necho \"SUCCESS\" > \"${SCRIPT_OUTPUT_FILE_0}\"\n";
			showEnvVarsInLog = 0;
		};
		C358C65A795F9B6CB07C9BC3 /* [CP] Embed Pods Frameworks */ = {
			isa = PBXShellScriptBuildPhase;
			buildActionMask = 2147483647;
			files = (
			);
			inputFileListPaths = (
			);
			inputPaths = (
				"${SRCROOT}/Pods/Target Support Files/Pods-GameDemo/Pods-GameDemo-frameworks.sh",
				"${BUILT_PRODUCTS_DIR}/BubbleTransition/BubbleTransition.framework",
				"${BUILT_PRODUCTS_DIR}/Comets/Comets.framework",
				"${BUILT_PRODUCTS_DIR}/lottie-ios/Lottie.framework",
			);
			name = "[CP] Embed Pods Frameworks";
			outputFileListPaths = (
			);
			outputPaths = (
				"${TARGET_BUILD_DIR}/${FRAMEWORKS_FOLDER_PATH}/BubbleTransition.framework",
				"${TARGET_BUILD_DIR}/${FRAMEWORKS_FOLDER_PATH}/Comets.framework",
				"${TARGET_BUILD_DIR}/${FRAMEWORKS_FOLDER_PATH}/Lottie.framework",
			);
			runOnlyForDeploymentPostprocessing = 0;
			shellPath = /bin/sh;
			shellScript = "\"${SRCROOT}/Pods/Target Support Files/Pods-GameDemo/Pods-GameDemo-frameworks.sh\"\n";
			showEnvVarsInLog = 0;
		};
/* End PBXShellScriptBuildPhase section */

/* Begin PBXSourcesBuildPhase section */
		BF5F75D3220B4D25004D5F99 /* Sources */ = {
			isa = PBXSourcesBuildPhase;
			buildActionMask = 2147483647;
			files = (
				BF3A750322206A7700E5E2BD /* LevelDescriptionNode.swift in Sources */,
				BFCD74A4220C9426006C3E79 /* Square.swift in Sources */,
				BFCD74AE220C9764006C3E79 /* Colors.swift in Sources */,
				BF3A75062220703E00E5E2BD /* SquareStack.swift in Sources */,
				BFCD74B9220C9DBA006C3E79 /* SquareBoard.swift in Sources */,
				BFECA474222962F300332980 /* EndingViewController.swift in Sources */,
				BFC8CE54220DEC3400A6A701 /* SquareDrawer.swift in Sources */,
				BF5F75E1220B4D25004D5F99 /* GameScene.swift in Sources */,
				BF5F3FB42222ECE000794A19 /* InitialViewController.swift in Sources */,
				BFCD74B1220C980D006C3E79 /* SKProtocols.swift in Sources */,
				BFCD74A6220C955F006C3E79 /* NodeUtils.swift in Sources */,
				BF5F75E3220B4D25004D5F99 /* GameViewController.swift in Sources */,
				BFCD74B7220C9B09006C3E79 /* Errors.swift in Sources */,
				BF45908222189DF600FC31E1 /* CountDownLabel.swift in Sources */,
				BFEA614A22272A95001E2876 /* Shape.swift in Sources */,
				BFCDE06722196C5000A9484B /* ContentCreator.swift in Sources */,
				BFEA614C22272B14001E2876 /* Value.swift in Sources */,
				BFCD74B3220C98FC006C3E79 /* Board.swift in Sources */,
				BF5F75DB220B4D25004D5F99 /* AppDelegate.swift in Sources */,
				BFCD74B5220C9A9A006C3E79 /* MockUtils.swift in Sources */,
			);
			runOnlyForDeploymentPostprocessing = 0;
		};
		BF5F75ED220B4D26004D5F99 /* Sources */ = {
			isa = PBXSourcesBuildPhase;
			buildActionMask = 2147483647;
			files = (
				BF5F75F6220B4D26004D5F99 /* GameDemoTests.swift in Sources */,
			);
			runOnlyForDeploymentPostprocessing = 0;
		};
		BF5F75F8220B4D26004D5F99 /* Sources */ = {
			isa = PBXSourcesBuildPhase;
			buildActionMask = 2147483647;
			files = (
				BF5F7601220B4D26004D5F99 /* GameDemoUITests.swift in Sources */,
			);
			runOnlyForDeploymentPostprocessing = 0;
		};
/* End PBXSourcesBuildPhase section */

/* Begin PBXTargetDependency section */
		BF5F75F3220B4D26004D5F99 /* PBXTargetDependency */ = {
			isa = PBXTargetDependency;
			target = BF5F75D6220B4D25004D5F99 /* GameDemo */;
			targetProxy = BF5F75F2220B4D26004D5F99 /* PBXContainerItemProxy */;
		};
		BF5F75FE220B4D26004D5F99 /* PBXTargetDependency */ = {
			isa = PBXTargetDependency;
			target = BF5F75D6220B4D25004D5F99 /* GameDemo */;
			targetProxy = BF5F75FD220B4D26004D5F99 /* PBXContainerItemProxy */;
		};
/* End PBXTargetDependency section */

/* Begin PBXVariantGroup section */
		BF5F75E4220B4D25004D5F99 /* Main.storyboard */ = {
			isa = PBXVariantGroup;
			children = (
				BF5F75E5220B4D25004D5F99 /* Base */,
			);
			name = Main.storyboard;
			sourceTree = "<group>";
		};
		BF5F75E9220B4D26004D5F99 /* LaunchScreen.storyboard */ = {
			isa = PBXVariantGroup;
			children = (
				BF5F75EA220B4D26004D5F99 /* Base */,
			);
			name = LaunchScreen.storyboard;
			sourceTree = "<group>";
		};
/* End PBXVariantGroup section */

/* Begin XCBuildConfiguration section */
		BF5F7603220B4D26004D5F99 /* Debug */ = {
			isa = XCBuildConfiguration;
			buildSettings = {
				ALWAYS_SEARCH_USER_PATHS = NO;
				CLANG_ANALYZER_NONNULL = YES;
				CLANG_ANALYZER_NUMBER_OBJECT_CONVERSION = YES_AGGRESSIVE;
				CLANG_CXX_LANGUAGE_STANDARD = "gnu++14";
				CLANG_CXX_LIBRARY = "libc++";
				CLANG_ENABLE_MODULES = YES;
				CLANG_ENABLE_OBJC_ARC = YES;
				CLANG_ENABLE_OBJC_WEAK = YES;
				CLANG_WARN_BLOCK_CAPTURE_AUTORELEASING = YES;
				CLANG_WARN_BOOL_CONVERSION = YES;
				CLANG_WARN_COMMA = YES;
				CLANG_WARN_CONSTANT_CONVERSION = YES;
				CLANG_WARN_DEPRECATED_OBJC_IMPLEMENTATIONS = YES;
				CLANG_WARN_DIRECT_OBJC_ISA_USAGE = YES_ERROR;
				CLANG_WARN_DOCUMENTATION_COMMENTS = YES;
				CLANG_WARN_EMPTY_BODY = YES;
				CLANG_WARN_ENUM_CONVERSION = YES;
				CLANG_WARN_INFINITE_RECURSION = YES;
				CLANG_WARN_INT_CONVERSION = YES;
				CLANG_WARN_NON_LITERAL_NULL_CONVERSION = YES;
				CLANG_WARN_OBJC_IMPLICIT_RETAIN_SELF = YES;
				CLANG_WARN_OBJC_LITERAL_CONVERSION = YES;
				CLANG_WARN_OBJC_ROOT_CLASS = YES_ERROR;
				CLANG_WARN_RANGE_LOOP_ANALYSIS = YES;
				CLANG_WARN_STRICT_PROTOTYPES = YES;
				CLANG_WARN_SUSPICIOUS_MOVE = YES;
				CLANG_WARN_UNGUARDED_AVAILABILITY = YES_AGGRESSIVE;
				CLANG_WARN_UNREACHABLE_CODE = YES;
				CLANG_WARN__DUPLICATE_METHOD_MATCH = YES;
				CODE_SIGN_IDENTITY = "iPhone Developer";
				COPY_PHASE_STRIP = NO;
				DEBUG_INFORMATION_FORMAT = dwarf;
				ENABLE_STRICT_OBJC_MSGSEND = YES;
				ENABLE_TESTABILITY = YES;
				GCC_C_LANGUAGE_STANDARD = gnu11;
				GCC_DYNAMIC_NO_PIC = NO;
				GCC_NO_COMMON_BLOCKS = YES;
				GCC_OPTIMIZATION_LEVEL = 0;
				GCC_PREPROCESSOR_DEFINITIONS = (
					"DEBUG=1",
					"$(inherited)",
				);
				GCC_WARN_64_TO_32_BIT_CONVERSION = YES;
				GCC_WARN_ABOUT_RETURN_TYPE = YES_ERROR;
				GCC_WARN_UNDECLARED_SELECTOR = YES;
				GCC_WARN_UNINITIALIZED_AUTOS = YES_AGGRESSIVE;
				GCC_WARN_UNUSED_FUNCTION = YES;
				GCC_WARN_UNUSED_VARIABLE = YES;
				IPHONEOS_DEPLOYMENT_TARGET = 12.1;
				MTL_ENABLE_DEBUG_INFO = INCLUDE_SOURCE;
				MTL_FAST_MATH = YES;
				ONLY_ACTIVE_ARCH = YES;
				SDKROOT = iphoneos;
				SWIFT_ACTIVE_COMPILATION_CONDITIONS = DEBUG;
				SWIFT_OPTIMIZATION_LEVEL = "-Onone";
			};
			name = Debug;
		};
		BF5F7604220B4D26004D5F99 /* Release */ = {
			isa = XCBuildConfiguration;
			buildSettings = {
				ALWAYS_SEARCH_USER_PATHS = NO;
				CLANG_ANALYZER_NONNULL = YES;
				CLANG_ANALYZER_NUMBER_OBJECT_CONVERSION = YES_AGGRESSIVE;
				CLANG_CXX_LANGUAGE_STANDARD = "gnu++14";
				CLANG_CXX_LIBRARY = "libc++";
				CLANG_ENABLE_MODULES = YES;
				CLANG_ENABLE_OBJC_ARC = YES;
				CLANG_ENABLE_OBJC_WEAK = YES;
				CLANG_WARN_BLOCK_CAPTURE_AUTORELEASING = YES;
				CLANG_WARN_BOOL_CONVERSION = YES;
				CLANG_WARN_COMMA = YES;
				CLANG_WARN_CONSTANT_CONVERSION = YES;
				CLANG_WARN_DEPRECATED_OBJC_IMPLEMENTATIONS = YES;
				CLANG_WARN_DIRECT_OBJC_ISA_USAGE = YES_ERROR;
				CLANG_WARN_DOCUMENTATION_COMMENTS = YES;
				CLANG_WARN_EMPTY_BODY = YES;
				CLANG_WARN_ENUM_CONVERSION = YES;
				CLANG_WARN_INFINITE_RECURSION = YES;
				CLANG_WARN_INT_CONVERSION = YES;
				CLANG_WARN_NON_LITERAL_NULL_CONVERSION = YES;
				CLANG_WARN_OBJC_IMPLICIT_RETAIN_SELF = YES;
				CLANG_WARN_OBJC_LITERAL_CONVERSION = YES;
				CLANG_WARN_OBJC_ROOT_CLASS = YES_ERROR;
				CLANG_WARN_RANGE_LOOP_ANALYSIS = YES;
				CLANG_WARN_STRICT_PROTOTYPES = YES;
				CLANG_WARN_SUSPICIOUS_MOVE = YES;
				CLANG_WARN_UNGUARDED_AVAILABILITY = YES_AGGRESSIVE;
				CLANG_WARN_UNREACHABLE_CODE = YES;
				CLANG_WARN__DUPLICATE_METHOD_MATCH = YES;
				CODE_SIGN_IDENTITY = "iPhone Developer";
				COPY_PHASE_STRIP = NO;
				DEBUG_INFORMATION_FORMAT = "dwarf-with-dsym";
				ENABLE_NS_ASSERTIONS = NO;
				ENABLE_STRICT_OBJC_MSGSEND = YES;
				GCC_C_LANGUAGE_STANDARD = gnu11;
				GCC_NO_COMMON_BLOCKS = YES;
				GCC_WARN_64_TO_32_BIT_CONVERSION = YES;
				GCC_WARN_ABOUT_RETURN_TYPE = YES_ERROR;
				GCC_WARN_UNDECLARED_SELECTOR = YES;
				GCC_WARN_UNINITIALIZED_AUTOS = YES_AGGRESSIVE;
				GCC_WARN_UNUSED_FUNCTION = YES;
				GCC_WARN_UNUSED_VARIABLE = YES;
				IPHONEOS_DEPLOYMENT_TARGET = 12.1;
				MTL_ENABLE_DEBUG_INFO = NO;
				MTL_FAST_MATH = YES;
				SDKROOT = iphoneos;
				SWIFT_COMPILATION_MODE = wholemodule;
				SWIFT_OPTIMIZATION_LEVEL = "-O";
				VALIDATE_PRODUCT = YES;
			};
			name = Release;
		};
		BF5F7606220B4D26004D5F99 /* Debug */ = {
			isa = XCBuildConfiguration;
			baseConfigurationReference = 15AC5A44FA6CB512BB753595 /* Pods-GameDemo.debug.xcconfig */;
			buildSettings = {
				ASSETCATALOG_COMPILER_APPICON_NAME = AppIcon;
				CODE_SIGN_STYLE = Automatic;
				DEVELOPMENT_TEAM = HL7GD8S24Y;
				INFOPLIST_FILE = GameDemo/Info.plist;
				IPHONEOS_DEPLOYMENT_TARGET = 11.0;
				LD_RUNPATH_SEARCH_PATHS = (
					"$(inherited)",
					"@executable_path/Frameworks",
				);
				PRODUCT_BUNDLE_IDENTIFIER = com.looperz.GameDemo;
				PRODUCT_NAME = "$(TARGET_NAME)";
				SWIFT_VERSION = 4.2;
				TARGETED_DEVICE_FAMILY = 1;
			};
			name = Debug;
		};
		BF5F7607220B4D26004D5F99 /* Release */ = {
			isa = XCBuildConfiguration;
			baseConfigurationReference = 1354C0EDEE375A98DD8D038C /* Pods-GameDemo.release.xcconfig */;
			buildSettings = {
				ASSETCATALOG_COMPILER_APPICON_NAME = AppIcon;
				CODE_SIGN_STYLE = Automatic;
				DEVELOPMENT_TEAM = HL7GD8S24Y;
				INFOPLIST_FILE = GameDemo/Info.plist;
				IPHONEOS_DEPLOYMENT_TARGET = 11.0;
				LD_RUNPATH_SEARCH_PATHS = (
					"$(inherited)",
					"@executable_path/Frameworks",
				);
				PRODUCT_BUNDLE_IDENTIFIER = com.looperz.GameDemo;
				PRODUCT_NAME = "$(TARGET_NAME)";
				SWIFT_VERSION = 4.2;
				TARGETED_DEVICE_FAMILY = 1;
			};
			name = Release;
		};
		BF5F7609220B4D26004D5F99 /* Debug */ = {
			isa = XCBuildConfiguration;
			baseConfigurationReference = DE133F9C6B937AC30FB82741 /* Pods-GameDemoTests.debug.xcconfig */;
			buildSettings = {
				ALWAYS_EMBED_SWIFT_STANDARD_LIBRARIES = YES;
				BUNDLE_LOADER = "$(TEST_HOST)";
				CODE_SIGN_STYLE = Automatic;
				DEVELOPMENT_TEAM = HL7GD8S24Y;
				INFOPLIST_FILE = GameDemoTests/Info.plist;
				LD_RUNPATH_SEARCH_PATHS = (
					"$(inherited)",
					"@executable_path/Frameworks",
					"@loader_path/Frameworks",
				);
				PRODUCT_BUNDLE_IDENTIFIER = com.looperz.GameDemoTests;
				PRODUCT_NAME = "$(TARGET_NAME)";
				SWIFT_VERSION = 4.2;
				TARGETED_DEVICE_FAMILY = "1,2";
				TEST_HOST = "$(BUILT_PRODUCTS_DIR)/GameDemo.app/GameDemo";
			};
			name = Debug;
		};
		BF5F760A220B4D26004D5F99 /* Release */ = {
			isa = XCBuildConfiguration;
			baseConfigurationReference = 79F81B0550319999137A6DE2 /* Pods-GameDemoTests.release.xcconfig */;
			buildSettings = {
				ALWAYS_EMBED_SWIFT_STANDARD_LIBRARIES = YES;
				BUNDLE_LOADER = "$(TEST_HOST)";
				CODE_SIGN_STYLE = Automatic;
				DEVELOPMENT_TEAM = HL7GD8S24Y;
				INFOPLIST_FILE = GameDemoTests/Info.plist;
				LD_RUNPATH_SEARCH_PATHS = (
					"$(inherited)",
					"@executable_path/Frameworks",
					"@loader_path/Frameworks",
				);
				PRODUCT_BUNDLE_IDENTIFIER = com.looperz.GameDemoTests;
				PRODUCT_NAME = "$(TARGET_NAME)";
				SWIFT_VERSION = 4.2;
				TARGETED_DEVICE_FAMILY = "1,2";
				TEST_HOST = "$(BUILT_PRODUCTS_DIR)/GameDemo.app/GameDemo";
			};
			name = Release;
		};
		BF5F760C220B4D26004D5F99 /* Debug */ = {
			isa = XCBuildConfiguration;
			baseConfigurationReference = 39050EE883CF20E6BC356F6C /* Pods-GameDemoUITests.debug.xcconfig */;
			buildSettings = {
				ALWAYS_EMBED_SWIFT_STANDARD_LIBRARIES = YES;
				CODE_SIGN_STYLE = Automatic;
				DEVELOPMENT_TEAM = HL7GD8S24Y;
				INFOPLIST_FILE = GameDemoUITests/Info.plist;
				LD_RUNPATH_SEARCH_PATHS = (
					"$(inherited)",
					"@executable_path/Frameworks",
					"@loader_path/Frameworks",
				);
				PRODUCT_BUNDLE_IDENTIFIER = com.looperz.GameDemoUITests;
				PRODUCT_NAME = "$(TARGET_NAME)";
				SWIFT_VERSION = 4.2;
				TARGETED_DEVICE_FAMILY = "1,2";
				TEST_TARGET_NAME = GameDemo;
			};
			name = Debug;
		};
		BF5F760D220B4D26004D5F99 /* Release */ = {
			isa = XCBuildConfiguration;
			baseConfigurationReference = 559C2CE56E6774CB17F39F3B /* Pods-GameDemoUITests.release.xcconfig */;
			buildSettings = {
				ALWAYS_EMBED_SWIFT_STANDARD_LIBRARIES = YES;
				CODE_SIGN_STYLE = Automatic;
				DEVELOPMENT_TEAM = HL7GD8S24Y;
				INFOPLIST_FILE = GameDemoUITests/Info.plist;
				LD_RUNPATH_SEARCH_PATHS = (
					"$(inherited)",
					"@executable_path/Frameworks",
					"@loader_path/Frameworks",
				);
				PRODUCT_BUNDLE_IDENTIFIER = com.looperz.GameDemoUITests;
				PRODUCT_NAME = "$(TARGET_NAME)";
				SWIFT_VERSION = 4.2;
				TARGETED_DEVICE_FAMILY = "1,2";
				TEST_TARGET_NAME = GameDemo;
			};
			name = Release;
		};
/* End XCBuildConfiguration section */

/* Begin XCConfigurationList section */
		BF5F75D2220B4D25004D5F99 /* Build configuration list for PBXProject "GameDemo" */ = {
			isa = XCConfigurationList;
			buildConfigurations = (
				BF5F7603220B4D26004D5F99 /* Debug */,
				BF5F7604220B4D26004D5F99 /* Release */,
			);
			defaultConfigurationIsVisible = 0;
			defaultConfigurationName = Release;
		};
		BF5F7605220B4D26004D5F99 /* Build configuration list for PBXNativeTarget "GameDemo" */ = {
			isa = XCConfigurationList;
			buildConfigurations = (
				BF5F7606220B4D26004D5F99 /* Debug */,
				BF5F7607220B4D26004D5F99 /* Release */,
			);
			defaultConfigurationIsVisible = 0;
			defaultConfigurationName = Release;
		};
		BF5F7608220B4D26004D5F99 /* Build configuration list for PBXNativeTarget "GameDemoTests" */ = {
			isa = XCConfigurationList;
			buildConfigurations = (
				BF5F7609220B4D26004D5F99 /* Debug */,
				BF5F760A220B4D26004D5F99 /* Release */,
			);
			defaultConfigurationIsVisible = 0;
			defaultConfigurationName = Release;
		};
		BF5F760B220B4D26004D5F99 /* Build configuration list for PBXNativeTarget "GameDemoUITests" */ = {
			isa = XCConfigurationList;
			buildConfigurations = (
				BF5F760C220B4D26004D5F99 /* Debug */,
				BF5F760D220B4D26004D5F99 /* Release */,
			);
			defaultConfigurationIsVisible = 0;
			defaultConfigurationName = Release;
		};
/* End XCConfigurationList section */
	};
	rootObject = BF5F75CF220B4D25004D5F99 /* Project object */;
}
